
Microsoft Visual Studio Solution File, Format Version 12.00
# Visual Studio 15
VisualStudioVersion = 15.0.28307.1169
MinimumVisualStudioVersion = 10.0.40219.1
Project("{9A19103F-16F7-4668-BE54-9A1E7A4F7556}") = "NW.NGramTextClassification", "src\NW.NGramTextClassification\NW.NGramTextClassification.csproj", "{CE24BB7A-7EF0-4489-85F7-02A1CCC0AD1C}"
EndProject
Project("{9A19103F-16F7-4668-BE54-9A1E7A4F7556}") = "NW.NGramTextClassification.UnitTests", "tests\NW.NGramTextClassification.UnitTests\NW.NGramTextClassification.UnitTests.csproj", "{DED71858-151D-46C5-89FD-03AF41A44CFD}"
EndProject
Project("{FAE04EC0-301F-11D3-BF4B-00C04F79EFBC}") = "NW.NGramTextClassificationClient", "NW.NGramTextClassificationClient\NW.NGramTextClassificationClient.csproj", "{7439E782-02C1-4221-963B-6A2860736780}"
EndProject
Global
	GlobalSection(SolutionConfigurationPlatforms) = preSolution
		Debug|Any CPU = Debug|Any CPU
		Release|Any CPU = Release|Any CPU
	EndGlobalSection
	GlobalSection(ProjectConfigurationPlatforms) = postSolution
		{CE24BB7A-7EF0-4489-85F7-02A1CCC0AD1C}.Debug|Any CPU.ActiveCfg = Debug|Any CPU
		{CE24BB7A-7EF0-4489-85F7-02A1CCC0AD1C}.Debug|Any CPU.Build.0 = Debug|Any CPU
		{CE24BB7A-7EF0-4489-85F7-02A1CCC0AD1C}.Release|Any CPU.ActiveCfg = Release|Any CPU
		{CE24BB7A-7EF0-4489-85F7-02A1CCC0AD1C}.Release|Any CPU.Build.0 = Release|Any CPU
		{DED71858-151D-46C5-89FD-03AF41A44CFD}.Debug|Any CPU.ActiveCfg = Debug|Any CPU
		{DED71858-151D-46C5-89FD-03AF41A44CFD}.Debug|Any CPU.Build.0 = Debug|Any CPU
		{DED71858-151D-46C5-89FD-03AF41A44CFD}.Release|Any CPU.ActiveCfg = Release|Any CPU
		{DED71858-151D-46C5-89FD-03AF41A44CFD}.Release|Any CPU.Build.0 = Release|Any CPU
		{7439E782-02C1-4221-963B-6A2860736780}.Debug|Any CPU.ActiveCfg = Debug|Any CPU
		{7439E782-02C1-4221-963B-6A2860736780}.Debug|Any CPU.Build.0 = Debug|Any CPU
		{7439E782-02C1-4221-963B-6A2860736780}.Release|Any CPU.ActiveCfg = Release|Any CPU
		{7439E782-02C1-4221-963B-6A2860736780}.Release|Any CPU.Build.0 = Release|Any CPU
	EndGlobalSection
	GlobalSection(SolutionProperties) = preSolution
		HideSolutionNode = FALSE
	EndGlobalSection
	GlobalSection(ExtensibilityGlobals) = postSolution
		SolutionGuid = {5AC1809E-6FC9-479B-B997-F4E24F69B26B}
	EndGlobalSection
EndGlobal
